
Microsoft Visual Studio Solution File, Format Version 12.00
Project("{FAE04EC0-301F-11D3-BF4B-00C04F79EFBC}") = "01-web-api", "01-web-api\01-web-api.csproj", "{B57866B1-85FD-4DE4-A11D-142890C66996}"
EndProject
Global
	GlobalSection(SolutionConfigurationPlatforms) = preSolution
		Debug|Any CPU = Debug|Any CPU
		Release|Any CPU = Release|Any CPU
	EndGlobalSection
	GlobalSection(ProjectConfigurationPlatforms) = postSolution
		{B57866B1-85FD-4DE4-A11D-142890C66996}.Debug|Any CPU.ActiveCfg = Debug|Any CPU
		{B57866B1-85FD-4DE4-A11D-142890C66996}.Debug|Any CPU.Build.0 = Debug|Any CPU
		{B57866B1-85FD-4DE4-A11D-142890C66996}.Release|Any CPU.ActiveCfg = Release|Any CPU
		{B57866B1-85FD-4DE4-A11D-142890C66996}.Release|Any CPU.Build.0 = Release|Any CPU
	EndGlobalSection
EndGlobal
